
Microsoft Visual Studio Solution File, Format Version 12.00
# Visual Studio Version 16
VisualStudioVersion = 16.0.30804.86
MinimumVisualStudioVersion = 10.0.40219.1
Project("{FAE04EC0-301F-11D3-BF4B-00C04F79EFBC}") = "script2", "script2.csproj", "{61EFB219-693D-4CA6-BC87-466F3CA28769}"
EndProject
Global
	GlobalSection(SolutionConfigurationPlatforms) = preSolution
		Debug|Any CPU = Debug|Any CPU
		Release|Any CPU = Release|Any CPU
	EndGlobalSection
	GlobalSection(ProjectConfigurationPlatforms) = postSolution
		{61EFB219-693D-4CA6-BC87-466F3CA28769}.Debug|Any CPU.ActiveCfg = Debug|Any CPU
		{61EFB219-693D-4CA6-BC87-466F3CA28769}.Debug|Any CPU.Build.0 = Debug|Any CPU
		{61EFB219-693D-4CA6-BC87-466F3CA28769}.Release|Any CPU.ActiveCfg = Release|Any CPU
		{61EFB219-693D-4CA6-BC87-466F3CA28769}.Release|Any CPU.Build.0 = Release|Any CPU
	EndGlobalSection
	GlobalSection(SolutionProperties) = preSolution
		HideSolutionNode = FALSE
	EndGlobalSection
	GlobalSection(ExtensibilityGlobals) = postSolution
		SolutionGuid = {7A201168-3DF8-4844-BFCA-331A1D0FAD11}
	EndGlobalSection
EndGlobal
