
Microsoft Visual Studio Solution File, Format Version 12.00
# Visual Studio Version 16
VisualStudioVersion = 16.0.30804.86
MinimumVisualStudioVersion = 10.0.40219.1
Project("{FAE04EC0-301F-11D3-BF4B-00C04F79EFBC}") = "script1", "script1.csproj", "{D98C122A-1F8B-4DD0-80F6-2AB51EE0D901}"
EndProject
Global
	GlobalSection(SolutionConfigurationPlatforms) = preSolution
		Debug|Any CPU = Debug|Any CPU
		Release|Any CPU = Release|Any CPU
	EndGlobalSection
	GlobalSection(ProjectConfigurationPlatforms) = postSolution
		{D98C122A-1F8B-4DD0-80F6-2AB51EE0D901}.Debug|Any CPU.ActiveCfg = Debug|Any CPU
		{D98C122A-1F8B-4DD0-80F6-2AB51EE0D901}.Debug|Any CPU.Build.0 = Debug|Any CPU
		{D98C122A-1F8B-4DD0-80F6-2AB51EE0D901}.Release|Any CPU.ActiveCfg = Release|Any CPU
		{D98C122A-1F8B-4DD0-80F6-2AB51EE0D901}.Release|Any CPU.Build.0 = Release|Any CPU
	EndGlobalSection
	GlobalSection(SolutionProperties) = preSolution
		HideSolutionNode = FALSE
	EndGlobalSection
	GlobalSection(ExtensibilityGlobals) = postSolution
		SolutionGuid = {FE9F3D12-2521-49F1-B966-7FE4FBDE4C87}
	EndGlobalSection
EndGlobal
